
Microsoft Visual Studio Solution File, Format Version 12.00
# Visual Studio Version 16
VisualStudioVersion = 16.0.29728.190
MinimumVisualStudioVersion = 10.0.40219.1
Project("{FAE04EC0-301F-11D3-BF4B-00C04F79EFBC}") = "DevConfiguration", "DevConfiguration.csproj", "{46AF84C0-12B0-44C4-8006-F062876C9C45}"
EndProject
Global
	GlobalSection(SolutionConfigurationPlatforms) = preSolution
		Debug|Any CPU = Debug|Any CPU
		Release|Any CPU = Release|Any CPU
	EndGlobalSection
	GlobalSection(ProjectConfigurationPlatforms) = postSolution
		{46AF84C0-12B0-44C4-8006-F062876C9C45}.Debug|Any CPU.ActiveCfg = Debug|Any CPU
		{46AF84C0-12B0-44C4-8006-F062876C9C45}.Debug|Any CPU.Build.0 = Debug|Any CPU
		{46AF84C0-12B0-44C4-8006-F062876C9C45}.Release|Any CPU.ActiveCfg = Release|Any CPU
		{46AF84C0-12B0-44C4-8006-F062876C9C45}.Release|Any CPU.Build.0 = Release|Any CPU
	EndGlobalSection
	GlobalSection(SolutionProperties) = preSolution
		HideSolutionNode = FALSE
	EndGlobalSection
	GlobalSection(ExtensibilityGlobals) = postSolution
		SolutionGuid = {28378231-FB2F-4625-BF2D-B5AA57437DF8}
	EndGlobalSection
EndGlobal
