
Microsoft Visual Studio Solution File, Format Version 12.00
# Visual Studio Version 16
VisualStudioVersion = 16.0.29728.190
MinimumVisualStudioVersion = 10.0.40219.1
Project("{FAE04EC0-301F-11D3-BF4B-00C04F79EFBC}") = "DevChartControl", "DevChartControl.csproj", "{C7E22596-1108-4F5F-9634-570C97161243}"
EndProject
Global
	GlobalSection(SolutionConfigurationPlatforms) = preSolution
		Debug|Any CPU = Debug|Any CPU
		Release|Any CPU = Release|Any CPU
	EndGlobalSection
	GlobalSection(ProjectConfigurationPlatforms) = postSolution
		{C7E22596-1108-4F5F-9634-570C97161243}.Debug|Any CPU.ActiveCfg = Debug|Any CPU
		{C7E22596-1108-4F5F-9634-570C97161243}.Debug|Any CPU.Build.0 = Debug|Any CPU
		{C7E22596-1108-4F5F-9634-570C97161243}.Release|Any CPU.ActiveCfg = Release|Any CPU
		{C7E22596-1108-4F5F-9634-570C97161243}.Release|Any CPU.Build.0 = Release|Any CPU
	EndGlobalSection
	GlobalSection(SolutionProperties) = preSolution
		HideSolutionNode = FALSE
	EndGlobalSection
	GlobalSection(ExtensibilityGlobals) = postSolution
		SolutionGuid = {055C3671-19C6-4F77-BB50-192FF3EB3F9B}
	EndGlobalSection
EndGlobal
