
Microsoft Visual Studio Solution File, Format Version 12.00
# Visual Studio Version 16
VisualStudioVersion = 16.0.29728.190
MinimumVisualStudioVersion = 10.0.40219.1
Project("{FAE04EC0-301F-11D3-BF4B-00C04F79EFBC}") = "DevDapper", "DevDapper.csproj", "{564B8B6F-ABDB-4693-A0D8-8F6F48C175D4}"
EndProject
Global
	GlobalSection(SolutionConfigurationPlatforms) = preSolution
		Debug|Any CPU = Debug|Any CPU
		Release|Any CPU = Release|Any CPU
	EndGlobalSection
	GlobalSection(ProjectConfigurationPlatforms) = postSolution
		{564B8B6F-ABDB-4693-A0D8-8F6F48C175D4}.Debug|Any CPU.ActiveCfg = Debug|Any CPU
		{564B8B6F-ABDB-4693-A0D8-8F6F48C175D4}.Debug|Any CPU.Build.0 = Debug|Any CPU
		{564B8B6F-ABDB-4693-A0D8-8F6F48C175D4}.Release|Any CPU.ActiveCfg = Release|Any CPU
		{564B8B6F-ABDB-4693-A0D8-8F6F48C175D4}.Release|Any CPU.Build.0 = Release|Any CPU
	EndGlobalSection
	GlobalSection(SolutionProperties) = preSolution
		HideSolutionNode = FALSE
	EndGlobalSection
	GlobalSection(ExtensibilityGlobals) = postSolution
		SolutionGuid = {60F6E29E-1847-4DE7-A420-1A1FF42CE6C9}
	EndGlobalSection
EndGlobal
